absl-py==2.5.0
attrs==26.1.0
cachebox==5.2.3
certifi==2026.7.22
charset-normalizer==3.5.1
deepdiff==9.1.0
dm-env==1.6
dm-tree==0.1.10
enum34==1.1.10
idna==3.19
mock==5.2.0
mpyq==0.2.5
numpy==1.26.4
orderly-set==5.5.0
portpicker==1.6.0
protobuf==3.20.3
psutil==7.2.2
pygame==2.6.1
pysc2==4.0.0
requests==2.34.2
s2clientprotocol==5.0.16.97563.0
s2protocol==5.0.16.97563.0
scipy==1.15.3
sk-video==1.1.10
urllib3==2.7.0
websocket-client==1.9.2
wrapt==2.4.0
